
Microsoft Visual Studio Solution File, Format Version 12.00
# Visual Studio 15
VisualStudioVersion = 15.0.27130.2024
MinimumVisualStudioVersion = 10.0.40219.1
Project("{8BC9CEB8-8B4A-11D0-8D11-00A0C91BC942}") = "Week1", "Week1\Week1.vcxproj", "{28916DF9-6A7C-46EB-9EC5-9B69F6DBF22A}"
EndProject
Project("{8BC9CEB8-8B4A-11D0-8D11-00A0C91BC942}") = "Week2", "Week2\Week2.vcxproj", "{BF982540-3F4F-429E-A92A-59798AAD2CD3}"
EndProject
Project("{8BC9CEB8-8B4A-11D0-8D11-00A0C91BC942}") = "Week3", "Week3\Week3.vcxproj", "{C98A7025-6235-4625-AF05-C0689EFFE54D}"
EndProject
Project("{8BC9CEB8-8B4A-11D0-8D11-00A0C91BC942}") = "Week4", "Week4\Week4.vcxproj", "{169DA650-7F19-49A1-999B-3DF59F2180A3}"
EndProject
Project("{8BC9CEB8-8B4A-11D0-8D11-00A0C91BC942}") = "Week5", "Week5\Week5.vcxproj", "{DE807C71-7C10-4B8B-9589-68E725DACB5A}"
EndProject
Project("{8BC9CEB8-8B4A-11D0-8D11-00A0C91BC942}") = "Week6", "Week 6\Week 6.vcxproj", "{C355A04E-11F1-4950-BF30-CB0FFBAD4A9D}"
EndProject
Project("{8BC9CEB8-8B4A-11D0-8D11-00A0C91BC942}") = "midterm", "midterm\midterm.vcxproj", "{D12065E4-436A-40E1-A53A-5DEAE3C35DB4}"
EndProject
Project("{8BC9CEB8-8B4A-11D0-8D11-00A0C91BC942}") = "Week8", "Week8\Week8.vcxproj", "{EC166D2D-0EF6-4362-BF5A-193C536B26C0}"
EndProject
Project("{8BC9CEB8-8B4A-11D0-8D11-00A0C91BC942}") = "Week8.1", "Week8.1\Week8.1.vcxproj", "{D0AB7429-5BCD-4568-9D37-200BD85F18D7}"
EndProject
Project("{8BC9CEB8-8B4A-11D0-8D11-00A0C91BC942}") = "Week9", "Week9\Week9.vcxproj", "{4659F9BE-4F90-4024-B2D1-74969D155CE3}"
EndProject
Project("{8BC9CEB8-8B4A-11D0-8D11-00A0C91BC942}") = "Week11", "Week11\Week11.vcxproj", "{9598C205-F7CE-44E1-9EE3-6CDB89821BFD}"
EndProject
Global
	GlobalSection(SolutionConfigurationPlatforms) = preSolution
		Debug|x64 = Debug|x64
		Debug|x86 = Debug|x86
		Release|x64 = Release|x64
		Release|x86 = Release|x86
	EndGlobalSection
	GlobalSection(ProjectConfigurationPlatforms) = postSolution
		{28916DF9-6A7C-46EB-9EC5-9B69F6DBF22A}.Debug|x64.ActiveCfg = Debug|x64
		{28916DF9-6A7C-46EB-9EC5-9B69F6DBF22A}.Debug|x64.Build.0 = Debug|x64
		{28916DF9-6A7C-46EB-9EC5-9B69F6DBF22A}.Debug|x86.ActiveCfg = Debug|Win32
		{28916DF9-6A7C-46EB-9EC5-9B69F6DBF22A}.Debug|x86.Build.0 = Debug|Win32
		{28916DF9-6A7C-46EB-9EC5-9B69F6DBF22A}.Release|x64.ActiveCfg = Release|x64
		{28916DF9-6A7C-46EB-9EC5-9B69F6DBF22A}.Release|x64.Build.0 = Release|x64
		{28916DF9-6A7C-46EB-9EC5-9B69F6DBF22A}.Release|x86.ActiveCfg = Release|Win32
		{28916DF9-6A7C-46EB-9EC5-9B69F6DBF22A}.Release|x86.Build.0 = Release|Win32
		{BF982540-3F4F-429E-A92A-59798AAD2CD3}.Debug|x64.ActiveCfg = Debug|x64
		{BF982540-3F4F-429E-A92A-59798AAD2CD3}.Debug|x64.Build.0 = Debug|x64
		{BF982540-3F4F-429E-A92A-59798AAD2CD3}.Debug|x86.ActiveCfg = Debug|Win32
		{BF982540-3F4F-429E-A92A-59798AAD2CD3}.Debug|x86.Build.0 = Debug|Win32
		{BF982540-3F4F-429E-A92A-59798AAD2CD3}.Release|x64.ActiveCfg = Release|x64
		{BF982540-3F4F-429E-A92A-59798AAD2CD3}.Release|x64.Build.0 = Release|x64
		{BF982540-3F4F-429E-A92A-59798AAD2CD3}.Release|x86.ActiveCfg = Release|Win32
		{BF982540-3F4F-429E-A92A-59798AAD2CD3}.Release|x86.Build.0 = Release|Win32
		{C98A7025-6235-4625-AF05-C0689EFFE54D}.Debug|x64.ActiveCfg = Debug|x64
		{C98A7025-6235-4625-AF05-C0689EFFE54D}.Debug|x64.Build.0 = Debug|x64
		{C98A7025-6235-4625-AF05-C0689EFFE54D}.Debug|x86.ActiveCfg = Debug|Win32
		{C98A7025-6235-4625-AF05-C0689EFFE54D}.Debug|x86.Build.0 = Debug|Win32
		{C98A7025-6235-4625-AF05-C0689EFFE54D}.Release|x64.ActiveCfg = Release|x64
		{C98A7025-6235-4625-AF05-C0689EFFE54D}.Release|x64.Build.0 = Release|x64
		{C98A7025-6235-4625-AF05-C0689EFFE54D}.Release|x86.ActiveCfg = Release|Win32
		{C98A7025-6235-4625-AF05-C0689EFFE54D}.Release|x86.Build.0 = Release|Win32
		{169DA650-7F19-49A1-999B-3DF59F2180A3}.Debug|x64.ActiveCfg = Debug|x64
		{169DA650-7F19-49A1-999B-3DF59F2180A3}.Debug|x64.Build.0 = Debug|x64
		{169DA650-7F19-49A1-999B-3DF59F2180A3}.Debug|x86.ActiveCfg = Debug|Win32
		{169DA650-7F19-49A1-999B-3DF59F2180A3}.Debug|x86.Build.0 = Debug|Win32
		{169DA650-7F19-49A1-999B-3DF59F2180A3}.Release|x64.ActiveCfg = Release|x64
		{169DA650-7F19-49A1-999B-3DF59F2180A3}.Release|x64.Build.0 = Release|x64
		{169DA650-7F19-49A1-999B-3DF59F2180A3}.Release|x86.ActiveCfg = Release|Win32
		{169DA650-7F19-49A1-999B-3DF59F2180A3}.Release|x86.Build.0 = Release|Win32
		{DE807C71-7C10-4B8B-9589-68E725DACB5A}.Debug|x64.ActiveCfg = Debug|x64
		{DE807C71-7C10-4B8B-9589-68E725DACB5A}.Debug|x64.Build.0 = Debug|x64
		{DE807C71-7C10-4B8B-9589-68E725DACB5A}.Debug|x86.ActiveCfg = Debug|Win32
		{DE807C71-7C10-4B8B-9589-68E725DACB5A}.Debug|x86.Build.0 = Debug|Win32
		{DE807C71-7C10-4B8B-9589-68E725DACB5A}.Release|x64.ActiveCfg = Release|x64
		{DE807C71-7C10-4B8B-9589-68E725DACB5A}.Release|x64.Build.0 = Release|x64
		{DE807C71-7C10-4B8B-9589-68E725DACB5A}.Release|x86.ActiveCfg = Release|Win32
		{DE807C71-7C10-4B8B-9589-68E725DACB5A}.Release|x86.Build.0 = Release|Win32
		{C355A04E-11F1-4950-BF30-CB0FFBAD4A9D}.Debug|x64.ActiveCfg = Debug|x64
		{C355A04E-11F1-4950-BF30-CB0FFBAD4A9D}.Debug|x64.Build.0 = Debug|x64
		{C355A04E-11F1-4950-BF30-CB0FFBAD4A9D}.Debug|x86.ActiveCfg = Debug|Win32
		{C355A04E-11F1-4950-BF30-CB0FFBAD4A9D}.Debug|x86.Build.0 = Debug|Win32
		{C355A04E-11F1-4950-BF30-CB0FFBAD4A9D}.Release|x64.ActiveCfg = Release|x64
		{C355A04E-11F1-4950-BF30-CB0FFBAD4A9D}.Release|x64.Build.0 = Release|x64
		{C355A04E-11F1-4950-BF30-CB0FFBAD4A9D}.Release|x86.ActiveCfg = Release|Win32
		{C355A04E-11F1-4950-BF30-CB0FFBAD4A9D}.Release|x86.Build.0 = Release|Win32
		{D12065E4-436A-40E1-A53A-5DEAE3C35DB4}.Debug|x64.ActiveCfg = Debug|x64
		{D12065E4-436A-40E1-A53A-5DEAE3C35DB4}.Debug|x64.Build.0 = Debug|x64
		{D12065E4-436A-40E1-A53A-5DEAE3C35DB4}.Debug|x86.ActiveCfg = Debug|Win32
		{D12065E4-436A-40E1-A53A-5DEAE3C35DB4}.Debug|x86.Build.0 = Debug|Win32
		{D12065E4-436A-40E1-A53A-5DEAE3C35DB4}.Release|x64.ActiveCfg = Release|x64
		{D12065E4-436A-40E1-A53A-5DEAE3C35DB4}.Release|x64.Build.0 = Release|x64
		{D12065E4-436A-40E1-A53A-5DEAE3C35DB4}.Release|x86.ActiveCfg = Release|Win32
		{D12065E4-436A-40E1-A53A-5DEAE3C35DB4}.Release|x86.Build.0 = Release|Win32
		{EC166D2D-0EF6-4362-BF5A-193C536B26C0}.Debug|x64.ActiveCfg = Debug|x64
		{EC166D2D-0EF6-4362-BF5A-193C536B26C0}.Debug|x64.Build.0 = Debug|x64
		{EC166D2D-0EF6-4362-BF5A-193C536B26C0}.Debug|x86.ActiveCfg = Debug|Win32
		{EC166D2D-0EF6-4362-BF5A-193C536B26C0}.Debug|x86.Build.0 = Debug|Win32
		{EC166D2D-0EF6-4362-BF5A-193C536B26C0}.Release|x64.ActiveCfg = Release|x64
		{EC166D2D-0EF6-4362-BF5A-193C536B26C0}.Release|x64.Build.0 = Release|x64
		{EC166D2D-0EF6-4362-BF5A-193C536B26C0}.Release|x86.ActiveCfg = Release|Win32
		{EC166D2D-0EF6-4362-BF5A-193C536B26C0}.Release|x86.Build.0 = Release|Win32
		{D0AB7429-5BCD-4568-9D37-200BD85F18D7}.Debug|x64.ActiveCfg = Debug|x64
		{D0AB7429-5BCD-4568-9D37-200BD85F18D7}.Debug|x64.Build.0 = Debug|x64
		{D0AB7429-5BCD-4568-9D37-200BD85F18D7}.Debug|x86.ActiveCfg = Debug|Win32
		{D0AB7429-5BCD-4568-9D37-200BD85F18D7}.Debug|x86.Build.0 = Debug|Win32
		{D0AB7429-5BCD-4568-9D37-200BD85F18D7}.Release|x64.ActiveCfg = Release|x64
		{D0AB7429-5BCD-4568-9D37-200BD85F18D7}.Release|x64.Build.0 = Release|x64
		{D0AB7429-5BCD-4568-9D37-200BD85F18D7}.Release|x86.ActiveCfg = Release|Win32
		{D0AB7429-5BCD-4568-9D37-200BD85F18D7}.Release|x86.Build.0 = Release|Win32
		{4659F9BE-4F90-4024-B2D1-74969D155CE3}.Debug|x64.ActiveCfg = Debug|x64
		{4659F9BE-4F90-4024-B2D1-74969D155CE3}.Debug|x64.Build.0 = Debug|x64
		{4659F9BE-4F90-4024-B2D1-74969D155CE3}.Debug|x86.ActiveCfg = Debug|Win32
		{4659F9BE-4F90-4024-B2D1-74969D155CE3}.Debug|x86.Build.0 = Debug|Win32
		{4659F9BE-4F90-4024-B2D1-74969D155CE3}.Release|x64.ActiveCfg = Release|x64
		{4659F9BE-4F90-4024-B2D1-74969D155CE3}.Release|x64.Build.0 = Release|x64
		{4659F9BE-4F90-4024-B2D1-74969D155CE3}.Release|x86.ActiveCfg = Release|Win32
		{4659F9BE-4F90-4024-B2D1-74969D155CE3}.Release|x86.Build.0 = Release|Win32
		{9598C205-F7CE-44E1-9EE3-6CDB89821BFD}.Debug|x64.ActiveCfg = Debug|x64
		{9598C205-F7CE-44E1-9EE3-6CDB89821BFD}.Debug|x64.Build.0 = Debug|x64
		{9598C205-F7CE-44E1-9EE3-6CDB89821BFD}.Debug|x86.ActiveCfg = Debug|Win32
		{9598C205-F7CE-44E1-9EE3-6CDB89821BFD}.Debug|x86.Build.0 = Debug|Win32
		{9598C205-F7CE-44E1-9EE3-6CDB89821BFD}.Release|x64.ActiveCfg = Release|x64
		{9598C205-F7CE-44E1-9EE3-6CDB89821BFD}.Release|x64.Build.0 = Release|x64
		{9598C205-F7CE-44E1-9EE3-6CDB89821BFD}.Release|x86.ActiveCfg = Release|Win32
		{9598C205-F7CE-44E1-9EE3-6CDB89821BFD}.Release|x86.Build.0 = Release|Win32
	EndGlobalSection
	GlobalSection(SolutionProperties) = preSolution
		HideSolutionNode = FALSE
	EndGlobalSection
	GlobalSection(ExtensibilityGlobals) = postSolution
		SolutionGuid = {67049427-27EC-4A74-8269-B078022EFE2E}
	EndGlobalSection
EndGlobal
